
Microsoft Visual Studio Solution File, Format Version 12.00
# Visual Studio Version 17
VisualStudioVersion = 17.13.35828.75
MinimumVisualStudioVersion = 10.0.40219.1
Project("{FAE04EC0-301F-11D3-BF4B-00C04F79EFBC}") = "CertOps", "CertOps\CertOps.csproj", "{8C7004FE-D788-4BE2-B0BF-DA0BF7BD1248}"
EndProject
Global
	GlobalSection(SolutionConfigurationPlatforms) = preSolution
		Debug|Any CPU = Debug|Any CPU
		Release|Any CPU = Release|Any CPU
	EndGlobalSection
	GlobalSection(ProjectConfigurationPlatforms) = postSolution
		{8C7004FE-D788-4BE2-B0BF-DA0BF7BD1248}.Debug|Any CPU.ActiveCfg = Debug|Any CPU
		{8C7004FE-D788-4BE2-B0BF-DA0BF7BD1248}.Debug|Any CPU.Build.0 = Debug|Any CPU
		{8C7004FE-D788-4BE2-B0BF-DA0BF7BD1248}.Release|Any CPU.ActiveCfg = Release|Any CPU
		{8C7004FE-D788-4BE2-B0BF-DA0BF7BD1248}.Release|Any CPU.Build.0 = Release|Any CPU
	EndGlobalSection
	GlobalSection(SolutionProperties) = preSolution
		HideSolutionNode = FALSE
	EndGlobalSection
	GlobalSection(ExtensibilityGlobals) = postSolution
		SolutionGuid = {62705DA3-9FEF-4E28-A049-33736035253E}
	EndGlobalSection
EndGlobal
